
Microsoft Visual Studio Solution File, Format Version 12.00
# Visual Studio Version 17
VisualStudioVersion = 17.0.31903.59
MinimumVisualStudioVersion = 10.0.40219.1
Project("{2150E333-8FDC-42A3-9474-1A3956D46DE8}") = "src", "src", "{C96CA246-645D-40CB-8879-6E92AB940500}"
EndProject
Project("{FAE04EC0-301F-11D3-BF4B-00C04F79EFBC}") = "EIS.Shared", "src\EIS.Shared\EIS.Shared.csproj", "{49FFDF59-48C3-48AA-8D58-B83DAF596140}"
EndProject
Global
	GlobalSection(SolutionConfigurationPlatforms) = preSolution
		Debug|Any CPU = Debug|Any CPU
		Release|Any CPU = Release|Any CPU
	EndGlobalSection
	GlobalSection(SolutionProperties) = preSolution
		HideSolutionNode = FALSE
	EndGlobalSection
	GlobalSection(NestedProjects) = preSolution
		{49FFDF59-48C3-48AA-8D58-B83DAF596140} = {C96CA246-645D-40CB-8879-6E92AB940500}
	EndGlobalSection
	GlobalSection(ProjectConfigurationPlatforms) = postSolution
		{49FFDF59-48C3-48AA-8D58-B83DAF596140}.Debug|Any CPU.ActiveCfg = Debug|Any CPU
		{49FFDF59-48C3-48AA-8D58-B83DAF596140}.Debug|Any CPU.Build.0 = Debug|Any CPU
		{49FFDF59-48C3-48AA-8D58-B83DAF596140}.Release|Any CPU.ActiveCfg = Release|Any CPU
		{49FFDF59-48C3-48AA-8D58-B83DAF596140}.Release|Any CPU.Build.0 = Release|Any CPU
	EndGlobalSection
EndGlobal
